<?xml version="1.0" encoding="utf-8"?>
<Project ToolsVersion="4.0" xmlns="http://schemas.microsoft.com/developer/msbuild/2003">
  <ItemGroup>
    <ClCompile Include="PDOCR.cpp">
      <Filter>Source Files</Filter>
    </ClCompile>
    <ClCompile Include="PDOCRDlg.cpp">
      <Filter>Source Files</Filter>
    </ClCompile>
    <ClCompile Include="stdafx.cpp">
      <Filter>Source Files</Filter>
    </ClCompile>
    <ClCompile Include="ImageCtrl.cpp">
      <Filter>Source Files</Filter>
    </ClCompile>
    <ClCompile Include="Icon.cpp">
      <Filter>Source Files</Filter>
    </ClCompile>
    <ClCompile Include="ResourceList.cpp">
      <Filter>Source Files</Filter>
    </ClCompile>
    <ClCompile Include="args.cpp">
      <Filter>Source Files</Filter>
    </ClCompile>
    <ClCompile Include="clipper.cpp">
      <Filter>Source Files</Filter>
    </ClCompile>
    <ClCompile Include="ocr_cls.cpp">
      <Filter>Source Files</Filter>
    </ClCompile>
    <ClCompile Include="ocr_det.cpp">
      <Filter>Source Files</Filter>
    </ClCompile>
    <ClCompile Include="ocr_rec.cpp">
      <Filter>Source Files</Filter>
    </ClCompile>
    <ClCompile Include="paddleocr.cpp">
      <Filter>Source Files</Filter>
    </ClCompile>
    <ClCompile Include="paddlestructure.cpp">
      <Filter>Source Files</Filter>
    </ClCompile>
    <ClCompile Include="postprocess_op.cpp">
      <Filter>Source Files</Filter>
    </ClCompile>
    <ClCompile Include="preprocess_op.cpp">
      <Filter>Source Files</Filter>
    </ClCompile>
    <ClCompile Include="structure_layout.cpp">
      <Filter>Source Files</Filter>
    </ClCompile>
    <ClCompile Include="structure_table.cpp">
      <Filter>Source Files</Filter>
    </ClCompile>
    <ClCompile Include="utility.cpp">
      <Filter>Source Files</Filter>
    </ClCompile>
    <ClCompile Include="UserData.cpp">
      <Filter>Source Files</Filter>
    </ClCompile>
    <ClCompile Include="Path.cpp">
      <Filter>Source Files</Filter>
    </ClCompile>
    <ClCompile Include="Encoding.cpp">
      <Filter>Source Files</Filter>
    </ClCompile>
  </ItemGroup>
  <ItemGroup>
    <ClInclude Include="PDOCR.h">
      <Filter>Header Files</Filter>
    </ClInclude>
    <ClInclude Include="PDOCRDlg.h">
      <Filter>Header Files</Filter>
    </ClInclude>
    <ClInclude Include="Resource.h">
      <Filter>Header Files</Filter>
    </ClInclude>
    <ClInclude Include="stdafx.h">
      <Filter>Header Files</Filter>
    </ClInclude>
    <ClInclude Include="targetver.h">
      <Filter>Header Files</Filter>
    </ClInclude>
    <ClInclude Include="ImageCtrl.h">
      <Filter>Header Files</Filter>
    </ClInclude>
    <ClInclude Include="Icon.h">
      <Filter>Header Files</Filter>
    </ClInclude>
    <ClInclude Include="ResourceList.h">
      <Filter>Header Files</Filter>
    </ClInclude>
    <ClInclude Include="RunOcr.hpp">
      <Filter>Header Files</Filter>
    </ClInclude>
    <ClInclude Include="UserData.h">
      <Filter>Header Files</Filter>
    </ClInclude>
    <ClInclude Include="Path.h">
      <Filter>Header Files</Filter>
    </ClInclude>
    <ClInclude Include="Encoding.h">
      <Filter>Header Files</Filter>
    </ClInclude>
  </ItemGroup>
  <ItemGroup>
    <Filter Include="Source Files">
      <UniqueIdentifier>{4FC737F1-C7A5-4376-A066-2A32D752A2FF}</UniqueIdentifier>
      <Extensions>cpp;c;cc;cxx;def;odl;idl;hpj;bat;asm;asmx</Extensions>
    </Filter>
    <Filter Include="Header Files">
      <UniqueIdentifier>{93995380-89BD-4b04-88EB-625FBE52EBFB}</UniqueIdentifier>
      <Extensions>h;hh;hpp;hxx;hm;inl;inc;ipp;xsd</Extensions>
    </Filter>
    <Filter Include="Resource Files">
      <UniqueIdentifier>{67DA6AB6-F800-4c08-8B7A-83BB121AAD01}</UniqueIdentifier>
      <Extensions>rc;ico;cur;bmp;dlg;rc2;rct;bin;rgs;gif;jpg;jpeg;jpe;resx;tiff;tif;png;wav;mfcribbon-ms</Extensions>
    </Filter>
  </ItemGroup>
  <ItemGroup>
    <ResourceCompile Include="PDOCR.rc">
      <Filter>Resource Files</Filter>
    </ResourceCompile>
  </ItemGroup>
  <ItemGroup>
    <Image Include="res\PDOCR.ico">
      <Filter>Resource Files</Filter>
    </Image>
    <Image Include="RES\open.png">
      <Filter>Resource Files</Filter>
    </Image>
    <Image Include="RES\paste.png">
      <Filter>Resource Files</Filter>
    </Image>
    <Image Include="RES\open_hot.png">
      <Filter>Resource Files</Filter>
    </Image>
    <Image Include="RES\paste_hot.png">
      <Filter>Resource Files</Filter>
    </Image>
    <Image Include="RES\1_1.png">
      <Filter>Resource Files</Filter>
    </Image>
    <Image Include="RES\1_1_hot.png">
      <Filter>Resource Files</Filter>
    </Image>
    <Image Include="RES\screenclip.png">
      <Filter>Resource Files</Filter>
    </Image>
    <Image Include="RES\screenclip_hot.png">
      <Filter>Resource Files</Filter>
    </Image>
  </ItemGroup>
  <ItemGroup>
    <None Include="res\PDOCR.rc2">
      <Filter>Resource Files</Filter>
    </None>
  </ItemGroup>
</Project>